// !$*UTF8*$!
{
	archiveVersion = 1;
	classes = {};
	objectVersion = 56;
	objects = {
/* Begin PBXBuildFile section */
D6C07FD66CDB998942EE6497 = {isa = PBXBuildFile; fileRef = 0B9C7CA98C2F3EBB5D2DFCDD; };
5F34324C67370134BB8B2B9D = {isa = PBXBuildFile; fileRef = 6DFA01DE017EA7CF211D4733; };
EF2D3647EBDB4305E63B2975 = {isa = PBXBuildFile; fileRef = 513031F1C7960091F7065ECE; };
331F5E79E4FFAD666EDAF724 = {isa = PBXBuildFile; fileRef = FEE5DB5B27422E323B4D7FFB; };
FDFF313C1E5B16FA5D09F7D2 = {isa = PBXBuildFile; fileRef = 9CCEC2AD616108E746566C4F; };
57B4AB9AB2CAD13691B6125E = {isa = PBXBuildFile; fileRef = 2536A328A819E3C519042EDE; };
2525D77169BBDEFC045E936E = {isa = PBXBuildFile; fileRef = 64700AB15C780879FEE4435C; };
55C5E90072FD92024DC1715E = {isa = PBXBuildFile; fileRef = 78273060C1CA440203D0DBE5; };
99AB0A4983D812EF59266047 = {isa = PBXBuildFile; fileRef = 89EE1147ADAE59792C7BDB54; };
8095C899D74367A8E6671795 = {isa = PBXBuildFile; fileRef = F39869E258E67CEFD98FF454; };
0156CCEB567D0ACE4AA9B67C = {isa = PBXBuildFile; fileRef = D78E0CAB50D1A292C2025CEA; };
902E1D461B9091AA7DB8095B = {isa = PBXBuildFile; fileRef = 3D102EB8AB9F1673DF86293F; };
5853BFF8C994DEEA194767C8 = {isa = PBXBuildFile; fileRef = AB15610F38EF4D737616A880; };
DAF4FF6624969CAB73597180 = {isa = PBXBuildFile; fileRef = 5131DDE94A465DCA9EC1993B; };
E0ABDE2CC5CA71383AAE2BBE = {isa = PBXBuildFile; fileRef = FE904E5CAEC50023D29E5B3D; };
661805416EBC713C1CF7A50F = {isa = PBXBuildFile; fileRef = 94B2FCAA94C6839B05D51EBC; };
D189D46B6A1D9553A7F5FAAE = {isa = PBXBuildFile; fileRef = 23034B634FB6CBA33DA39FFE; };
342589198C4FFA72D1386281 = {isa = PBXBuildFile; fileRef = 589468F4B68056FF15416D0D; };
959225FEA6720619EBFBBA9B = {isa = PBXBuildFile; fileRef = D995C76DF0F21FE5C58F484E; };
C829ED4BC8C5A28ED840373D = {isa = PBXBuildFile; fileRef = 0E138288FDFB41AA69FB846F; };
BC032C5BCD060D617142A3CE = {isa = PBXBuildFile; fileRef = 2A5E580ADED29B1F7E30234E; };
8DBACB4151BC4F1BF0BA7207 = {isa = PBXBuildFile; fileRef = 3F78DE5D79A031D30D7A7452; };
AD770E7D79BE7BF87950A56F = {isa = PBXBuildFile; fileRef = 3D8C00B892B59428E74C7645; };
471540E4D8F01AAD38D12724 = {isa = PBXBuildFile; fileRef = E4EF81E7BF18D939B32862B2; };
393102CFF3820252BDD4305B = {isa = PBXBuildFile; fileRef = 1B25BE1F516785A717DF4119; };
0B569F79527287251851AB36 = {isa = PBXBuildFile; fileRef = C2EBA3055F909472CF775531; };
5FF96CD988ADA4402023BB1E = {isa = PBXBuildFile; fileRef = E99EE4056AD1E85B0B98E4E1; };
/* End PBXBuildFile section */
/* Begin PBXFileReference section */
0B9C7CA98C2F3EBB5D2DFCDD = {isa = PBXFileReference; lastKnownFileType = sourcecode.cpp.cpp; path = "main.cpp"; sourceTree = "<group>"; };
6DFA01DE017EA7CF211D4733 = {isa = PBXFileReference; lastKnownFileType = sourcecode.cpp.cpp; path = "protocol.cpp"; sourceTree = "<group>"; };
513031F1C7960091F7065ECE = {isa = PBXFileReference; lastKnownFileType = sourcecode.cpp.cpp; path = "hid_report.cpp"; sourceTree = "<group>"; };
FEE5DB5B27422E323B4D7FFB = {isa = PBXFileReference; lastKnownFileType = sourcecode.cpp.cpp; path = "receiver.cpp"; sourceTree = "<group>"; };
9CCEC2AD616108E746566C4F = {isa = PBXFileReference; lastKnownFileType = sourcecode.cpp.cpp; path = "wired_controller.cpp"; sourceTree = "<group>"; };
2536A328A819E3C519042EDE = {isa = PBXFileReference; lastKnownFileType = sourcecode.cpp.objcpp; path = "virtual_gamepad_macos.mm"; sourceTree = "<group>"; };
64700AB15C780879FEE4435C = {isa = PBXFileReference; lastKnownFileType = sourcecode.cpp.objcpp; path = "macos_app.mm"; sourceTree = "<group>"; };
78273060C1CA440203D0DBE5 = {isa = PBXFileReference; lastKnownFileType = sourcecode.swift; path = "DeveloperLabEnvironment.swift"; sourceTree = "<group>"; };
89EE1147ADAE59792C7BDB54 = {isa = PBXFileReference; lastKnownFileType = sourcecode.swift; path = "X360DiagnosticDSUServer.swift"; sourceTree = "<group>"; };
F39869E258E67CEFD98FF454 = {isa = PBXFileReference; lastKnownFileType = sourcecode.swift; path = "X360BridgeApp.swift"; sourceTree = "<group>"; };
082FE209AD169ED4EFAE0405 = {isa = PBXFileReference; lastKnownFileType = sourcecode.cpp.h; path = "protocol.hpp"; sourceTree = "<group>"; };
80332BE503A6D6D977C4DA77 = {isa = PBXFileReference; lastKnownFileType = sourcecode.cpp.h; path = "hid_report.hpp"; sourceTree = "<group>"; };
CAF1A737985231C236D9C39A = {isa = PBXFileReference; lastKnownFileType = sourcecode.cpp.h; path = "receiver.hpp"; sourceTree = "<group>"; };
FD890DC9D7E2AE4696B9109E = {isa = PBXFileReference; lastKnownFileType = sourcecode.cpp.h; path = "wired_controller.hpp"; sourceTree = "<group>"; };
764CFB6ACC3C27FB8EE2DED7 = {isa = PBXFileReference; lastKnownFileType = sourcecode.cpp.h; path = "virtual_gamepad.hpp"; sourceTree = "<group>"; };
D3C3EF881C43200E4E7185DF = {isa = PBXFileReference; lastKnownFileType = sourcecode.c.h; path = "X360BridgeManager.h"; sourceTree = "<group>"; };
300C35F1DCF57F0D8A73E0E7 = {isa = PBXFileReference; lastKnownFileType = sourcecode.c.h; path = "X360Bridge-Bridging-Header.h"; sourceTree = "<group>"; };
D78E0CAB50D1A292C2025CEA = {isa = PBXFileReference; lastKnownFileType = sourcecode.c.c; path = "core.c"; sourceTree = "<group>"; };
3D102EB8AB9F1673DF86293F = {isa = PBXFileReference; lastKnownFileType = sourcecode.c.c; path = "descriptor.c"; sourceTree = "<group>"; };
AB15610F38EF4D737616A880 = {isa = PBXFileReference; lastKnownFileType = sourcecode.c.c; path = "hotplug.c"; sourceTree = "<group>"; };
5131DDE94A465DCA9EC1993B = {isa = PBXFileReference; lastKnownFileType = sourcecode.c.c; path = "io.c"; sourceTree = "<group>"; };
FE904E5CAEC50023D29E5B3D = {isa = PBXFileReference; lastKnownFileType = sourcecode.c.c; path = "strerror.c"; sourceTree = "<group>"; };
94B2FCAA94C6839B05D51EBC = {isa = PBXFileReference; lastKnownFileType = sourcecode.c.c; path = "sync.c"; sourceTree = "<group>"; };
23034B634FB6CBA33DA39FFE = {isa = PBXFileReference; lastKnownFileType = sourcecode.c.c; path = "darwin_usb.c"; sourceTree = "<group>"; };
589468F4B68056FF15416D0D = {isa = PBXFileReference; lastKnownFileType = sourcecode.c.c; path = "events_posix.c"; sourceTree = "<group>"; };
D995C76DF0F21FE5C58F484E = {isa = PBXFileReference; lastKnownFileType = sourcecode.c.c; path = "threads_posix.c"; sourceTree = "<group>"; };
F5AC5A503AE86432ACCE43AA = {isa = PBXFileReference; lastKnownFileType = sourcecode.c.h; path = "libusb.h"; sourceTree = "<group>"; };
525902FD6DA8D3AA78A297DD = {isa = PBXFileReference; lastKnownFileType = sourcecode.c.h; path = "libusbi.h"; sourceTree = "<group>"; };
E17AF28CF23344E42127AB62 = {isa = PBXFileReference; lastKnownFileType = sourcecode.c.h; path = "version.h"; sourceTree = "<group>"; };
3EE8C7F04413C7D53E415E04 = {isa = PBXFileReference; lastKnownFileType = sourcecode.c.h; path = "version_nano.h"; sourceTree = "<group>"; };
CAAB3617A3D61D8ADB28358D = {isa = PBXFileReference; lastKnownFileType = sourcecode.c.h; path = "darwin_usb.h"; sourceTree = "<group>"; };
02E0773B17E911C8C7CC0770 = {isa = PBXFileReference; lastKnownFileType = sourcecode.c.h; path = "events_posix.h"; sourceTree = "<group>"; };
F0540D116881064D42B69975 = {isa = PBXFileReference; lastKnownFileType = sourcecode.c.h; path = "threads_posix.h"; sourceTree = "<group>"; };
CFA309F3F5454B6983C6973C = {isa = PBXFileReference; lastKnownFileType = sourcecode.c.h; path = "config.h"; sourceTree = "<group>"; };
0318B85E92FDCB554074BD17 = {isa = PBXFileReference; lastKnownFileType = text; path = "COPYING"; sourceTree = "<group>"; };
0E138288FDFB41AA69FB846F = {isa = PBXFileReference; lastKnownFileType = wrapper.framework; name = AppKit.framework; path = System/Library/Frameworks/AppKit.framework; sourceTree = SDKROOT; };
2A5E580ADED29B1F7E30234E = {isa = PBXFileReference; lastKnownFileType = wrapper.framework; name = ApplicationServices.framework; path = System/Library/Frameworks/ApplicationServices.framework; sourceTree = SDKROOT; };
3F78DE5D79A031D30D7A7452 = {isa = PBXFileReference; lastKnownFileType = wrapper.framework; name = QuartzCore.framework; path = System/Library/Frameworks/QuartzCore.framework; sourceTree = SDKROOT; };
3D8C00B892B59428E74C7645 = {isa = PBXFileReference; lastKnownFileType = wrapper.framework; name = IOKit.framework; path = System/Library/Frameworks/IOKit.framework; sourceTree = SDKROOT; };
E4EF81E7BF18D939B32862B2 = {isa = PBXFileReference; lastKnownFileType = wrapper.framework; name = CoreFoundation.framework; path = System/Library/Frameworks/CoreFoundation.framework; sourceTree = SDKROOT; };
1B25BE1F516785A717DF4119 = {isa = PBXFileReference; lastKnownFileType = wrapper.framework; name = Foundation.framework; path = System/Library/Frameworks/Foundation.framework; sourceTree = SDKROOT; };
C2EBA3055F909472CF775531 = {isa = PBXFileReference; lastKnownFileType = wrapper.framework; name = Security.framework; path = System/Library/Frameworks/Security.framework; sourceTree = SDKROOT; };
1C0E0D5CE39FFC30FF99DB33 = {isa = PBXFileReference; lastKnownFileType = text.plist.xml; path = Info.plist; sourceTree = "<group>"; };
C84F5A415C4E959E2CC4F7AA = {isa = PBXFileReference; lastKnownFileType = text.plist.entitlements; path = X360ReceiverBridge.entitlements; sourceTree = "<group>"; };
964BD5656C7A016EF0C9ADA7 = {isa = PBXFileReference; explicitFileType = wrapper.application; includeInIndex = 0; path = "X360 Controller Bridge.app"; sourceTree = BUILT_PRODUCTS_DIR; };
E99EE4056AD1E85B0B98E4E1 = {isa = PBXFileReference; lastKnownFileType = text.json.xcstrings; path = Localizable.xcstrings; sourceTree = "<group>"; };
/* End PBXFileReference section */
913A8D789853031603D33BA2 = {isa = PBXFrameworksBuildPhase; buildActionMask = 2147483647; files = (
C829ED4BC8C5A28ED840373D,
BC032C5BCD060D617142A3CE,
8DBACB4151BC4F1BF0BA7207,
AD770E7D79BE7BF87950A56F,
471540E4D8F01AAD38D12724,
393102CFF3820252BDD4305B,
0B569F79527287251851AB36,
); runOnlyForDeploymentPostprocessing = 0; };
8F275FB29E4BDB34D4428956 = {isa = PBXGroup; children = (
F2045C25DD670B19214769B4,
247738128FEAB9FDD03E991E,
1B611EBF352F10AC549F9C26,
F12906FE3CD838BC0C0165DF,
9ED1EAF1ED0EF43A245CFD63,
FFE67B5873BFAC2387F030BC,
A0BAF3E0707342D3C0AEACEE,
); sourceTree = "<group>"; };
F2045C25DD670B19214769B4 = {isa = PBXGroup; path = "src"; children = (
0B9C7CA98C2F3EBB5D2DFCDD,
6DFA01DE017EA7CF211D4733,
513031F1C7960091F7065ECE,
FEE5DB5B27422E323B4D7FFB,
9CCEC2AD616108E746566C4F,
2536A328A819E3C519042EDE,
64700AB15C780879FEE4435C,
78273060C1CA440203D0DBE5,
89EE1147ADAE59792C7BDB54,
F39869E258E67CEFD98FF454,
D3C3EF881C43200E4E7185DF,
300C35F1DCF57F0D8A73E0E7,
); sourceTree = "<group>"; };
247738128FEAB9FDD03E991E = {isa = PBXGroup; path = "include"; children = (
EFB6727D186290753ABA195F,
); sourceTree = "<group>"; };
EFB6727D186290753ABA195F = {isa = PBXGroup; path = "x360bridge"; children = (
082FE209AD169ED4EFAE0405,
80332BE503A6D6D977C4DA77,
CAF1A737985231C236D9C39A,
FD890DC9D7E2AE4696B9109E,
764CFB6ACC3C27FB8EE2DED7,
); sourceTree = "<group>"; };
1B611EBF352F10AC549F9C26 = {isa = PBXGroup; path = "Vendor"; children = (
571C8ABBA62ED156922B53D3,
); sourceTree = "<group>"; };
571C8ABBA62ED156922B53D3 = {isa = PBXGroup; path = "libusb"; children = (
51BCACC3607EAB368EADB111,
095669A7984317CB79074170,
0318B85E92FDCB554074BD17,
); sourceTree = "<group>"; };
51BCACC3607EAB368EADB111 = {isa = PBXGroup; path = "libusb"; children = (
D78E0CAB50D1A292C2025CEA,
3D102EB8AB9F1673DF86293F,
AB15610F38EF4D737616A880,
5131DDE94A465DCA9EC1993B,
FE904E5CAEC50023D29E5B3D,
94B2FCAA94C6839B05D51EBC,
F5AC5A503AE86432ACCE43AA,
525902FD6DA8D3AA78A297DD,
E17AF28CF23344E42127AB62,
3EE8C7F04413C7D53E415E04,
A4FA8EB55DA7CDA23135297C,
); sourceTree = "<group>"; };
A4FA8EB55DA7CDA23135297C = {isa = PBXGroup; path = "os"; children = (
23034B634FB6CBA33DA39FFE,
589468F4B68056FF15416D0D,
D995C76DF0F21FE5C58F484E,
CAAB3617A3D61D8ADB28358D,
02E0773B17E911C8C7CC0770,
F0540D116881064D42B69975,
); sourceTree = "<group>"; };
095669A7984317CB79074170 = {isa = PBXGroup; path = "Xcode"; children = (
CFA309F3F5454B6983C6973C,
); sourceTree = "<group>"; };
F12906FE3CD838BC0C0165DF = {isa = PBXGroup; name = "Xcode Support"; children = (
1C0E0D5CE39FFC30FF99DB33,
C84F5A415C4E959E2CC4F7AA,
); sourceTree = "<group>"; };
9ED1EAF1ED0EF43A245CFD63 = {isa = PBXGroup; name = "Frameworks"; children = (
0E138288FDFB41AA69FB846F,
2A5E580ADED29B1F7E30234E,
3F78DE5D79A031D30D7A7452,
3D8C00B892B59428E74C7645,
E4EF81E7BF18D939B32862B2,
1B25BE1F516785A717DF4119,
C2EBA3055F909472CF775531,
); sourceTree = "<group>"; };
FFE67B5873BFAC2387F030BC = {isa = PBXGroup; name = "Products"; children = (
964BD5656C7A016EF0C9ADA7,
); sourceTree = "<group>"; };
A0BAF3E0707342D3C0AEACEE = {isa = PBXGroup; path = Resources; children = (E99EE4056AD1E85B0B98E4E1,); sourceTree = "<group>"; };
84A1ADBEE1321BC20135C0D8 = {isa = PBXResourcesBuildPhase; buildActionMask = 2147483647; files = (5FF96CD988ADA4402023BB1E,); runOnlyForDeploymentPostprocessing = 0; };
F762108CA727F0BCD961FC74 = {isa = PBXNativeTarget; buildConfigurationList = 0EE5D24F4D949B96CAFE43AA; buildPhases = (CBE1FEED5CD18DD4A4CCC0A6,913A8D789853031603D33BA2,84A1ADBEE1321BC20135C0D8); buildRules = (); dependencies = (); name = "X360 Controller Bridge"; productName = "X360 Controller Bridge"; productReference = 964BD5656C7A016EF0C9ADA7; productType = "com.apple.product-type.application"; };
16EEAF57BAFC2A41CAB7C99A = {isa = PBXProject; attributes = {BuildIndependentTargetsInParallel = 1; LastUpgradeCheck = 1600;}; buildConfigurationList = 16756166711BF8EB847D27A3; compatibilityVersion = "Xcode 14.0"; developmentRegion = en; knownRegions = (en, "pt-BR", Base); mainGroup = 8F275FB29E4BDB34D4428956; productRefGroup = FFE67B5873BFAC2387F030BC; projectDirPath = ""; projectRoot = ""; targets = (F762108CA727F0BCD961FC74); };
CBE1FEED5CD18DD4A4CCC0A6 = {isa = PBXSourcesBuildPhase; buildActionMask = 2147483647; files = (
D6C07FD66CDB998942EE6497,
5F34324C67370134BB8B2B9D,
EF2D3647EBDB4305E63B2975,
331F5E79E4FFAD666EDAF724,
FDFF313C1E5B16FA5D09F7D2,
57B4AB9AB2CAD13691B6125E,
2525D77169BBDEFC045E936E,
55C5E90072FD92024DC1715E,
99AB0A4983D812EF59266047,
8095C899D74367A8E6671795,
0156CCEB567D0ACE4AA9B67C,
902E1D461B9091AA7DB8095B,
5853BFF8C994DEEA194767C8,
DAF4FF6624969CAB73597180,
E0ABDE2CC5CA71383AAE2BBE,
661805416EBC713C1CF7A50F,
D189D46B6A1D9553A7F5FAAE,
342589198C4FFA72D1386281,
959225FEA6720619EBFBBA9B,
); runOnlyForDeploymentPostprocessing = 0; };
4F3CEE106E92F4D69824C96E = {isa = XCBuildConfiguration; buildSettings = {
ALWAYS_SEARCH_USER_PATHS = "NO";
CLANG_CXX_LANGUAGE_STANDARD = "c++17";
CLANG_CXX_LIBRARY = "libc++";
CLANG_ENABLE_MODULES = "YES";
CLANG_ENABLE_OBJC_ARC = "YES";
MACOSX_DEPLOYMENT_TARGET = "13.0";
SDKROOT = "macosx";
}; name = Debug; };
F843D9B6C00A726D1702C70C = {isa = XCBuildConfiguration; buildSettings = {
ALWAYS_SEARCH_USER_PATHS = "NO";
CLANG_CXX_LANGUAGE_STANDARD = "c++17";
CLANG_CXX_LIBRARY = "libc++";
CLANG_ENABLE_MODULES = "YES";
CLANG_ENABLE_OBJC_ARC = "YES";
MACOSX_DEPLOYMENT_TARGET = "13.0";
SDKROOT = "macosx";
}; name = Release; };
CC334CDC30E9F4C82541D54E = {isa = XCBuildConfiguration; buildSettings = {
ALWAYS_SEARCH_USER_PATHS = "NO";
CLANG_CXX_LANGUAGE_STANDARD = "c++17";
CLANG_CXX_LIBRARY = "libc++";
CLANG_ENABLE_MODULES = "YES";
CLANG_ENABLE_OBJC_ARC = "YES";
MACOSX_DEPLOYMENT_TARGET = "13.0";
SDKROOT = "macosx";
CODE_SIGN_ENTITLEMENTS = "entitlements/X360ReceiverBridge.entitlements";
CODE_SIGN_IDENTITY = "-";
CODE_SIGN_STYLE = "Manual";
COMBINE_HIDPI_IMAGES = "YES";
CURRENT_PROJECT_VERSION = "1";
DEAD_CODE_STRIPPING = "YES";
ENABLE_HARDENED_RUNTIME = "YES";
GCC_PREPROCESSOR_DEFINITIONS = "$(inherited) X360BRIDGE_APPKIT_MAIN=1";
HEADER_SEARCH_PATHS = "$(inherited) $(PROJECT_DIR)/include $(PROJECT_DIR)/Vendor/libusb/libusb $(PROJECT_DIR)/Vendor/libusb/libusb/os $(PROJECT_DIR)/Vendor/libusb/Xcode";
INFOPLIST_FILE = "Xcode/Info.plist";
MARKETING_VERSION = "0.2.0";
PRODUCT_BUNDLE_IDENTIFIER = "org.x360receiverbridge.app";
PRODUCT_NAME = "X360 Controller Bridge";
SWIFT_OBJC_BRIDGING_HEADER = "src/X360Bridge-Bridging-Header.h";
SWIFT_VERSION = "5.0";
}; name = Debug; };
F9C744E8C0ECB712753E6342 = {isa = XCBuildConfiguration; buildSettings = {
ALWAYS_SEARCH_USER_PATHS = "NO";
CLANG_CXX_LANGUAGE_STANDARD = "c++17";
CLANG_CXX_LIBRARY = "libc++";
CLANG_ENABLE_MODULES = "YES";
CLANG_ENABLE_OBJC_ARC = "YES";
MACOSX_DEPLOYMENT_TARGET = "13.0";
SDKROOT = "macosx";
CODE_SIGN_ENTITLEMENTS = "entitlements/X360ReceiverBridge.entitlements";
CODE_SIGN_IDENTITY = "-";
CODE_SIGN_STYLE = "Manual";
COMBINE_HIDPI_IMAGES = "YES";
CURRENT_PROJECT_VERSION = "1";
DEAD_CODE_STRIPPING = "YES";
ENABLE_HARDENED_RUNTIME = "YES";
GCC_PREPROCESSOR_DEFINITIONS = "$(inherited) X360BRIDGE_APPKIT_MAIN=1";
HEADER_SEARCH_PATHS = "$(inherited) $(PROJECT_DIR)/include $(PROJECT_DIR)/Vendor/libusb/libusb $(PROJECT_DIR)/Vendor/libusb/libusb/os $(PROJECT_DIR)/Vendor/libusb/Xcode";
INFOPLIST_FILE = "Xcode/Info.plist";
MARKETING_VERSION = "0.2.0";
PRODUCT_BUNDLE_IDENTIFIER = "org.x360receiverbridge.app";
PRODUCT_NAME = "X360 Controller Bridge";
SWIFT_OBJC_BRIDGING_HEADER = "src/X360Bridge-Bridging-Header.h";
SWIFT_VERSION = "5.0";
}; name = Release; };
16756166711BF8EB847D27A3 = {isa = XCConfigurationList; buildConfigurations = (4F3CEE106E92F4D69824C96E,F843D9B6C00A726D1702C70C); defaultConfigurationIsVisible = 0; defaultConfigurationName = Release; };
0EE5D24F4D949B96CAFE43AA = {isa = XCConfigurationList; buildConfigurations = (CC334CDC30E9F4C82541D54E,F9C744E8C0ECB712753E6342); defaultConfigurationIsVisible = 0; defaultConfigurationName = Release; };
	};
	rootObject = 16EEAF57BAFC2A41CAB7C99A;
}